// !$*UTF8*$!
{
	archiveVersion = 1;
	classes = {
	};
	objectVersion = 56;
	objects = {

/* Begin PBXBuildFile section */
		05C7526D29F69860004D3FE0 /* MedManage_SwiftUIApp.swift in Sources */ = {isa = PBXBuildFile; fileRef = 05C7526C29F69860004D3FE0 /* MedManage_SwiftUIApp.swift */; };
		05C7526F29F69860004D3FE0 /* ContentView.swift in Sources */ = {isa = PBXBuildFile; fileRef = 05C7526E29F69860004D3FE0 /* ContentView.swift */; };
		05C7527129F69860004D3FE0 /* Assets.xcassets in Resources */ = {isa = PBXBuildFile; fileRef = 05C7527029F69860004D3FE0 /* Assets.xcassets */; };
		95DC2421A9CB3220637B6611 /* Pods_MedManage_SwiftUI.framework in Frameworks */ = {isa = PBXBuildFile; fileRef = 0706AA6F216E9044646314BC /* Pods_MedManage_SwiftUI.framework */; };
		A90EC3B429F8E6090062439D /* MedicineDetailView.swift in Sources */ = {isa = PBXBuildFile; fileRef = A90EC3B329F8E6090062439D /* MedicineDetailView.swift */; };
		A952525B29F7E1E300A470EA /* test.swift in Sources */ = {isa = PBXBuildFile; fileRef = A952525A29F7E1E300A470EA /* test.swift */; };
		A9D48F9129F7ACD500CD59FF /* AppointmentDetailView.swift in Sources */ = {isa = PBXBuildFile; fileRef = A9D48F9029F7ACD500CD59FF /* AppointmentDetailView.swift */; };
		A9D48F9329F7AD3D00CD59FF /* DateAndTimeView.swift in Sources */ = {isa = PBXBuildFile; fileRef = A9D48F9229F7AD3D00CD59FF /* DateAndTimeView.swift */; };
		A9D48F9529F7AD6900CD59FF /* afternoonView.swift in Sources */ = {isa = PBXBuildFile; fileRef = A9D48F9429F7AD6900CD59FF /* afternoonView.swift */; };
		A9D48F9729F7AD8900CD59FF /* morningView.swift in Sources */ = {isa = PBXBuildFile; fileRef = A9D48F9629F7AD8900CD59FF /* morningView.swift */; };
		A9D48F9929F7ADAB00CD59FF /* eveningView.swift in Sources */ = {isa = PBXBuildFile; fileRef = A9D48F9829F7ADAB00CD59FF /* eveningView.swift */; };
		A9D48F9B29F7ADDA00CD59FF /* BillingView.swift in Sources */ = {isa = PBXBuildFile; fileRef = A9D48F9A29F7ADDA00CD59FF /* BillingView.swift */; };
		A9D48F9F29F7AE4700CD59FF /* SwiftUIView.swift in Sources */ = {isa = PBXBuildFile; fileRef = A9D48F9E29F7AE4700CD59FF /* SwiftUIView.swift */; };
		A9D48FA129F7B21100CD59FF /* SpecialtiesView.swift in Sources */ = {isa = PBXBuildFile; fileRef = A9D48FA029F7B21100CD59FF /* SpecialtiesView.swift */; };
		A9D48FAA29F7BA5D00CD59FF /* MedicineView.swift in Sources */ = {isa = PBXBuildFile; fileRef = A9D48FA929F7BA5D00CD59FF /* MedicineView.swift */; };
		A9F02B2129F8E7C400F00883 /* DaysView.swift in Sources */ = {isa = PBXBuildFile; fileRef = A9F02B2029F8E7C400F00883 /* DaysView.swift */; };
		A9F02B2329F8E86300F00883 /* morningOptionView.swift in Sources */ = {isa = PBXBuildFile; fileRef = A9F02B2229F8E86300F00883 /* morningOptionView.swift */; };
/* End PBXBuildFile section */

/* Begin PBXFileReference section */
		05C7526929F69860004D3FE0 /* MedManage-SwiftUI.app */ = {isa = PBXFileReference; explicitFileType = wrapper.application; includeInIndex = 0; path = "MedManage-SwiftUI.app"; sourceTree = BUILT_PRODUCTS_DIR; };
		05C7526C29F69860004D3FE0 /* MedManage_SwiftUIApp.swift */ = {isa = PBXFileReference; lastKnownFileType = sourcecode.swift; path = MedManage_SwiftUIApp.swift; sourceTree = "<group>"; };
		05C7526E29F69860004D3FE0 /* ContentView.swift */ = {isa = PBXFileReference; lastKnownFileType = sourcecode.swift; path = ContentView.swift; sourceTree = "<group>"; };
		05C7527029F69860004D3FE0 /* Assets.xcassets */ = {isa = PBXFileReference; lastKnownFileType = folder.assetcatalog; path = Assets.xcassets; sourceTree = "<group>"; };
		0706AA6F216E9044646314BC /* Pods_MedManage_SwiftUI.framework */ = {isa = PBXFileReference; explicitFileType = wrapper.framework; includeInIndex = 0; path = Pods_MedManage_SwiftUI.framework; sourceTree = BUILT_PRODUCTS_DIR; };
		873944B3356E20FDD63140A3 /* Pods-MedManage-SwiftUI.debug.xcconfig */ = {isa = PBXFileReference; includeInIndex = 1; lastKnownFileType = text.xcconfig; name = "Pods-MedManage-SwiftUI.debug.xcconfig"; path = "Target Support Files/Pods-MedManage-SwiftUI/Pods-MedManage-SwiftUI.debug.xcconfig"; sourceTree = "<group>"; };
		A90EC3B329F8E6090062439D /* MedicineDetailView.swift */ = {isa = PBXFileReference; lastKnownFileType = sourcecode.swift; path = MedicineDetailView.swift; sourceTree = "<group>"; };
		A952525A29F7E1E300A470EA /* test.swift */ = {isa = PBXFileReference; lastKnownFileType = sourcecode.swift; path = test.swift; sourceTree = "<group>"; };
		A9D48F9029F7ACD500CD59FF /* AppointmentDetailView.swift */ = {isa = PBXFileReference; lastKnownFileType = sourcecode.swift; path = AppointmentDetailView.swift; sourceTree = "<group>"; };
		A9D48F9229F7AD3D00CD59FF /* DateAndTimeView.swift */ = {isa = PBXFileReference; lastKnownFileType = sourcecode.swift; path = DateAndTimeView.swift; sourceTree = "<group>"; };
		A9D48F9429F7AD6900CD59FF /* afternoonView.swift */ = {isa = PBXFileReference; lastKnownFileType = sourcecode.swift; path = afternoonView.swift; sourceTree = "<group>"; };
		A9D48F9629F7AD8900CD59FF /* morningView.swift */ = {isa = PBXFileReference; lastKnownFileType = sourcecode.swift; path = morningView.swift; sourceTree = "<group>"; };
		A9D48F9829F7ADAB00CD59FF /* eveningView.swift */ = {isa = PBXFileReference; lastKnownFileType = sourcecode.swift; path = eveningView.swift; sourceTree = "<group>"; };
		A9D48F9A29F7ADDA00CD59FF /* BillingView.swift */ = {isa = PBXFileReference; lastKnownFileType = sourcecode.swift; path = BillingView.swift; sourceTree = "<group>"; };
		A9D48F9E29F7AE4700CD59FF /* SwiftUIView.swift */ = {isa = PBXFileReference; lastKnownFileType = sourcecode.swift; path = SwiftUIView.swift; sourceTree = "<group>"; };
		A9D48FA029F7B21100CD59FF /* SpecialtiesView.swift */ = {isa = PBXFileReference; lastKnownFileType = sourcecode.swift; path = SpecialtiesView.swift; sourceTree = "<group>"; };
		A9D48FA929F7BA5D00CD59FF /* MedicineView.swift */ = {isa = PBXFileReference; lastKnownFileType = sourcecode.swift; path = MedicineView.swift; sourceTree = "<group>"; };
		A9F02B2029F8E7C400F00883 /* DaysView.swift */ = {isa = PBXFileReference; lastKnownFileType = sourcecode.swift; path = DaysView.swift; sourceTree = "<group>"; };
		A9F02B2229F8E86300F00883 /* morningOptionView.swift */ = {isa = PBXFileReference; lastKnownFileType = sourcecode.swift; path = morningOptionView.swift; sourceTree = "<group>"; };
		F73A72B23A99F708AAE4987A /* Pods-MedManage-SwiftUI.release.xcconfig */ = {isa = PBXFileReference; includeInIndex = 1; lastKnownFileType = text.xcconfig; name = "Pods-MedManage-SwiftUI.release.xcconfig"; path = "Target Support Files/Pods-MedManage-SwiftUI/Pods-MedManage-SwiftUI.release.xcconfig"; sourceTree = "<group>"; };
/* End PBXFileReference section */

/* Begin PBXFrameworksBuildPhase section */
		05C7526629F69860004D3FE0 /* Frameworks */ = {
			isa = PBXFrameworksBuildPhase;
			buildActionMask = 2147483647;
			files = (
				95DC2421A9CB3220637B6611 /* Pods_MedManage_SwiftUI.framework in Frameworks */,
			);
			runOnlyForDeploymentPostprocessing = 0;
		};
/* End PBXFrameworksBuildPhase section */

/* Begin PBXGroup section */
		05C7526029F69860004D3FE0 = {
			isa = PBXGroup;
			children = (
				A9D48FA429F7B8A200CD59FF /* iPadViews */,
				05C7526B29F69860004D3FE0 /* MedManage-SwiftUI */,
				05C7526A29F69860004D3FE0 /* Products */,
				C582B5A9B7B40585DEAB6F62 /* Pods */,
				5F4C46EB26297F7478A81B47 /* Frameworks */,
			);
			sourceTree = "<group>";
		};
		05C7526A29F69860004D3FE0 /* Products */ = {
			isa = PBXGroup;
			children = (
				05C7526929F69860004D3FE0 /* MedManage-SwiftUI.app */,
			);
			name = Products;
			sourceTree = "<group>";
		};
		05C7526B29F69860004D3FE0 /* MedManage-SwiftUI */ = {
			isa = PBXGroup;
			children = (
				05C7526C29F69860004D3FE0 /* MedManage_SwiftUIApp.swift */,
				05C7526E29F69860004D3FE0 /* ContentView.swift */,
				A9D48F9029F7ACD500CD59FF /* AppointmentDetailView.swift */,
				A9D48F9229F7AD3D00CD59FF /* DateAndTimeView.swift */,
				A9D48F9429F7AD6900CD59FF /* afternoonView.swift */,
				A9D48F9629F7AD8900CD59FF /* morningView.swift */,
				A9D48F9829F7ADAB00CD59FF /* eveningView.swift */,
				A9D48F9A29F7ADDA00CD59FF /* BillingView.swift */,
				A9D48FA029F7B21100CD59FF /* SpecialtiesView.swift */,
				A9D48F9E29F7AE4700CD59FF /* SwiftUIView.swift */,
				A9D48FA929F7BA5D00CD59FF /* MedicineView.swift */,
				A9F02B2229F8E86300F00883 /* morningOptionView.swift */,
				A9F02B2029F8E7C400F00883 /* DaysView.swift */,
				A90EC3B329F8E6090062439D /* MedicineDetailView.swift */,
				A952525A29F7E1E300A470EA /* test.swift */,
				05C7527029F69860004D3FE0 /* Assets.xcassets */,
			);
			path = "MedManage-SwiftUI";
			sourceTree = "<group>";
		};
		5F4C46EB26297F7478A81B47 /* Frameworks */ = {
			isa = PBXGroup;
			children = (
				0706AA6F216E9044646314BC /* Pods_MedManage_SwiftUI.framework */,
			);
			name = Frameworks;
			sourceTree = "<group>";
		};
		A9D48FA429F7B8A200CD59FF /* iPadViews */ = {
			isa = PBXGroup;
			children = (
			);
			path = iPadViews;
			sourceTree = "<group>";
		};
		C582B5A9B7B40585DEAB6F62 /* Pods */ = {
			isa = PBXGroup;
			children = (
				873944B3356E20FDD63140A3 /* Pods-MedManage-SwiftUI.debug.xcconfig */,
				F73A72B23A99F708AAE4987A /* Pods-MedManage-SwiftUI.release.xcconfig */,
			);
			path = Pods;
			sourceTree = "<group>";
		};
/* End PBXGroup section */

/* Begin PBXNativeTarget section */
		05C7526829F69860004D3FE0 /* MedManage-SwiftUI */ = {
			isa = PBXNativeTarget;
			buildConfigurationList = 05C7527729F69860004D3FE0 /* Build configuration list for PBXNativeTarget "MedManage-SwiftUI" */;
			buildPhases = (
				50E9D11A97335CC17011FFF3 /* [CP] Check Pods Manifest.lock */,
				05C7526529F69860004D3FE0 /* Sources */,
				05C7526629F69860004D3FE0 /* Frameworks */,
				05C7526729F69860004D3FE0 /* Resources */,
				A75C3D2ECE9FF6CD31AC8706 /* [CP] Embed Pods Frameworks */,
			);
			buildRules = (
			);
			dependencies = (
			);
			name = "MedManage-SwiftUI";
			productName = "MedManage-SwiftUI";
			productReference = 05C7526929F69860004D3FE0 /* MedManage-SwiftUI.app */;
			productType = "com.apple.product-type.application";
		};
/* End PBXNativeTarget section */

/* Begin PBXProject section */
		05C7526129F69860004D3FE0 /* Project object */ = {
			isa = PBXProject;
			attributes = {
				BuildIndependentTargetsInParallel = 1;
				LastSwiftUpdateCheck = 1420;
				LastUpgradeCheck = 1420;
				TargetAttributes = {
					05C7526829F69860004D3FE0 = {
						CreatedOnToolsVersion = 14.2;
					};
				};
			};
			buildConfigurationList = 05C7526429F69860004D3FE0 /* Build configuration list for PBXProject "MedManage-SwiftUI" */;
			compatibilityVersion = "Xcode 14.0";
			developmentRegion = en;
			hasScannedForEncodings = 0;
			knownRegions = (
				en,
				Base,
			);
			mainGroup = 05C7526029F69860004D3FE0;
			productRefGroup = 05C7526A29F69860004D3FE0 /* Products */;
			projectDirPath = "";
			projectRoot = "";
			targets = (
				05C7526829F69860004D3FE0 /* MedManage-SwiftUI */,
			);
		};
/* End PBXProject section */

/* Begin PBXResourcesBuildPhase section */
		05C7526729F69860004D3FE0 /* Resources */ = {
			isa = PBXResourcesBuildPhase;
			buildActionMask = 2147483647;
			files = (
				05C7527129F69860004D3FE0 /* Assets.xcassets in Resources */,
			);
			runOnlyForDeploymentPostprocessing = 0;
		};
/* End PBXResourcesBuildPhase section */

/* Begin PBXShellScriptBuildPhase section */
		50E9D11A97335CC17011FFF3 /* [CP] Check Pods Manifest.lock */ = {
			isa = PBXShellScriptBuildPhase;
			buildActionMask = 2147483647;
			files = (
			);
			inputFileListPaths = (
			);
			inputPaths = (
				"${PODS_PODFILE_DIR_PATH}/Podfile.lock",
				"${PODS_ROOT}/Manifest.lock",
			);
			name = "[CP] Check Pods Manifest.lock";
			outputFileListPaths = (
			);
			outputPaths = (
				"$(DERIVED_FILE_DIR)/Pods-MedManage-SwiftUI-checkManifestLockResult.txt",
			);
			runOnlyForDeploymentPostprocessing = 0;
			shellPath = /bin/sh;
			shellScript = "diff \"${PODS_PODFILE_DIR_PATH}/Podfile.lock\" \"${PODS_ROOT}/Manifest.lock\" > /dev/null\nif [ $? != 0 ] ; then\n    # print error to STDERR\n    echo \"error: The sandbox is not in sync with the Podfile.lock. Run 'pod install' or update your CocoaPods installation.\" >&2\n    exit 1\nfi\n# This output is used by Xcode 'outputs' to avoid re-running this script phase.\necho \"SUCCESS\" > \"${SCRIPT_OUTPUT_FILE_0}\"\n";
			showEnvVarsInLog = 0;
		};
		A75C3D2ECE9FF6CD31AC8706 /* [CP] Embed Pods Frameworks */ = {
			isa = PBXShellScriptBuildPhase;
			buildActionMask = 2147483647;
			files = (
			);
			inputFileListPaths = (
				"${PODS_ROOT}/Target Support Files/Pods-MedManage-SwiftUI/Pods-MedManage-SwiftUI-frameworks-${CONFIGURATION}-input-files.xcfilelist",
			);
			name = "[CP] Embed Pods Frameworks";
			outputFileListPaths = (
				"${PODS_ROOT}/Target Support Files/Pods-MedManage-SwiftUI/Pods-MedManage-SwiftUI-frameworks-${CONFIGURATION}-output-files.xcfilelist",
			);
			runOnlyForDeploymentPostprocessing = 0;
			shellPath = /bin/sh;
			shellScript = "\"${PODS_ROOT}/Target Support Files/Pods-MedManage-SwiftUI/Pods-MedManage-SwiftUI-frameworks.sh\"\n";
			showEnvVarsInLog = 0;
		};
/* End PBXShellScriptBuildPhase section */

/* Begin PBXSourcesBuildPhase section */
		05C7526529F69860004D3FE0 /* Sources */ = {
			isa = PBXSourcesBuildPhase;
			buildActionMask = 2147483647;
			files = (
				A9D48F9B29F7ADDA00CD59FF /* BillingView.swift in Sources */,
				A952525B29F7E1E300A470EA /* test.swift in Sources */,
				05C7526F29F69860004D3FE0 /* ContentView.swift in Sources */,
				A9F02B2329F8E86300F00883 /* morningOptionView.swift in Sources */,
				A9F02B2129F8E7C400F00883 /* DaysView.swift in Sources */,
				A9D48F9F29F7AE4700CD59FF /* SwiftUIView.swift in Sources */,
				A9D48FA129F7B21100CD59FF /* SpecialtiesView.swift in Sources */,
				A9D48F9729F7AD8900CD59FF /* morningView.swift in Sources */,
				A9D48F9929F7ADAB00CD59FF /* eveningView.swift in Sources */,
				A9D48F9529F7AD6900CD59FF /* afternoonView.swift in Sources */,
				05C7526D29F69860004D3FE0 /* MedManage_SwiftUIApp.swift in Sources */,
				A9D48F9129F7ACD500CD59FF /* AppointmentDetailView.swift in Sources */,
				A90EC3B429F8E6090062439D /* MedicineDetailView.swift in Sources */,
				A9D48FAA29F7BA5D00CD59FF /* MedicineView.swift in Sources */,
				A9D48F9329F7AD3D00CD59FF /* DateAndTimeView.swift in Sources */,
			);
			runOnlyForDeploymentPostprocessing = 0;
		};
/* End PBXSourcesBuildPhase section */

/* Begin XCBuildConfiguration section */
		05C7527529F69860004D3FE0 /* Debug */ = {
			isa = XCBuildConfiguration;
			buildSettings = {
				ALWAYS_SEARCH_USER_PATHS = NO;
				CLANG_ANALYZER_NONNULL = YES;
				CLANG_ANALYZER_NUMBER_OBJECT_CONVERSION = YES_AGGRESSIVE;
				CLANG_CXX_LANGUAGE_STANDARD = "gnu++20";
				CLANG_ENABLE_MODULES = YES;
				CLANG_ENABLE_OBJC_ARC = YES;
				CLANG_ENABLE_OBJC_WEAK = YES;
				CLANG_WARN_BLOCK_CAPTURE_AUTORELEASING = YES;
				CLANG_WARN_BOOL_CONVERSION = YES;
				CLANG_WARN_COMMA = YES;
				CLANG_WARN_CONSTANT_CONVERSION = YES;
				CLANG_WARN_DEPRECATED_OBJC_IMPLEMENTATIONS = YES;
				CLANG_WARN_DIRECT_OBJC_ISA_USAGE = YES_ERROR;
				CLANG_WARN_DOCUMENTATION_COMMENTS = YES;
				CLANG_WARN_EMPTY_BODY = YES;
				CLANG_WARN_ENUM_CONVERSION = YES;
				CLANG_WARN_INFINITE_RECURSION = YES;
				CLANG_WARN_INT_CONVERSION = YES;
				CLANG_WARN_NON_LITERAL_NULL_CONVERSION = YES;
				CLANG_WARN_OBJC_IMPLICIT_RETAIN_SELF = YES;
				CLANG_WARN_OBJC_LITERAL_CONVERSION = YES;
				CLANG_WARN_OBJC_ROOT_CLASS = YES_ERROR;
				CLANG_WARN_QUOTED_INCLUDE_IN_FRAMEWORK_HEADER = YES;
				CLANG_WARN_RANGE_LOOP_ANALYSIS = YES;
				CLANG_WARN_STRICT_PROTOTYPES = YES;
				CLANG_WARN_SUSPICIOUS_MOVE = YES;
				CLANG_WARN_UNGUARDED_AVAILABILITY = YES_AGGRESSIVE;
				CLANG_WARN_UNREACHABLE_CODE = YES;
				CLANG_WARN__DUPLICATE_METHOD_MATCH = YES;
				COPY_PHASE_STRIP = NO;
				DEBUG_INFORMATION_FORMAT = dwarf;
				ENABLE_STRICT_OBJC_MSGSEND = YES;
				ENABLE_TESTABILITY = YES;
				GCC_C_LANGUAGE_STANDARD = gnu11;
				GCC_DYNAMIC_NO_PIC = NO;
				GCC_NO_COMMON_BLOCKS = YES;
				GCC_OPTIMIZATION_LEVEL = 0;
				GCC_PREPROCESSOR_DEFINITIONS = (
					"DEBUG=1",
					"$(inherited)",
				);
				GCC_WARN_64_TO_32_BIT_CONVERSION = YES;
				GCC_WARN_ABOUT_RETURN_TYPE = YES_ERROR;
				GCC_WARN_UNDECLARED_SELECTOR = YES;
				GCC_WARN_UNINITIALIZED_AUTOS = YES_AGGRESSIVE;
				GCC_WARN_UNUSED_FUNCTION = YES;
				GCC_WARN_UNUSED_VARIABLE = YES;
				IPHONEOS_DEPLOYMENT_TARGET = 16.2;
				MTL_ENABLE_DEBUG_INFO = INCLUDE_SOURCE;
				MTL_FAST_MATH = YES;
				ONLY_ACTIVE_ARCH = YES;
				SDKROOT = iphoneos;
				SWIFT_ACTIVE_COMPILATION_CONDITIONS = DEBUG;
				SWIFT_OPTIMIZATION_LEVEL = "-Onone";
			};
			name = Debug;
		};
		05C7527629F69860004D3FE0 /* Release */ = {
			isa = XCBuildConfiguration;
			buildSettings = {
				ALWAYS_SEARCH_USER_PATHS = NO;
				CLANG_ANALYZER_NONNULL = YES;
				CLANG_ANALYZER_NUMBER_OBJECT_CONVERSION = YES_AGGRESSIVE;
				CLANG_CXX_LANGUAGE_STANDARD = "gnu++20";
				CLANG_ENABLE_MODULES = YES;
				CLANG_ENABLE_OBJC_ARC = YES;
				CLANG_ENABLE_OBJC_WEAK = YES;
				CLANG_WARN_BLOCK_CAPTURE_AUTORELEASING = YES;
				CLANG_WARN_BOOL_CONVERSION = YES;
				CLANG_WARN_COMMA = YES;
				CLANG_WARN_CONSTANT_CONVERSION = YES;
				CLANG_WARN_DEPRECATED_OBJC_IMPLEMENTATIONS = YES;
				CLANG_WARN_DIRECT_OBJC_ISA_USAGE = YES_ERROR;
				CLANG_WARN_DOCUMENTATION_COMMENTS = YES;
				CLANG_WARN_EMPTY_BODY = YES;
				CLANG_WARN_ENUM_CONVERSION = YES;
				CLANG_WARN_INFINITE_RECURSION = YES;
				CLANG_WARN_INT_CONVERSION = YES;
				CLANG_WARN_NON_LITERAL_NULL_CONVERSION = YES;
				CLANG_WARN_OBJC_IMPLICIT_RETAIN_SELF = YES;
				CLANG_WARN_OBJC_LITERAL_CONVERSION = YES;
				CLANG_WARN_OBJC_ROOT_CLASS = YES_ERROR;
				CLANG_WARN_QUOTED_INCLUDE_IN_FRAMEWORK_HEADER = YES;
				CLANG_WARN_RANGE_LOOP_ANALYSIS = YES;
				CLANG_WARN_STRICT_PROTOTYPES = YES;
				CLANG_WARN_SUSPICIOUS_MOVE = YES;
				CLANG_WARN_UNGUARDED_AVAILABILITY = YES_AGGRESSIVE;
				CLANG_WARN_UNREACHABLE_CODE = YES;
				CLANG_WARN__DUPLICATE_METHOD_MATCH = YES;
				COPY_PHASE_STRIP = NO;
				DEBUG_INFORMATION_FORMAT = "dwarf-with-dsym";
				ENABLE_NS_ASSERTIONS = NO;
				ENABLE_STRICT_OBJC_MSGSEND = YES;
				GCC_C_LANGUAGE_STANDARD = gnu11;
				GCC_NO_COMMON_BLOCKS = YES;
				GCC_WARN_64_TO_32_BIT_CONVERSION = YES;
				GCC_WARN_ABOUT_RETURN_TYPE = YES_ERROR;
				GCC_WARN_UNDECLARED_SELECTOR = YES;
				GCC_WARN_UNINITIALIZED_AUTOS = YES_AGGRESSIVE;
				GCC_WARN_UNUSED_FUNCTION = YES;
				GCC_WARN_UNUSED_VARIABLE = YES;
				IPHONEOS_DEPLOYMENT_TARGET = 16.2;
				MTL_ENABLE_DEBUG_INFO = NO;
				MTL_FAST_MATH = YES;
				SDKROOT = iphoneos;
				SWIFT_COMPILATION_MODE = wholemodule;
				SWIFT_OPTIMIZATION_LEVEL = "-O";
				VALIDATE_PRODUCT = YES;
			};
			name = Release;
		};
		05C7527829F69860004D3FE0 /* Debug */ = {
			isa = XCBuildConfiguration;
			baseConfigurationReference = 873944B3356E20FDD63140A3 /* Pods-MedManage-SwiftUI.debug.xcconfig */;
			buildSettings = {
				ASSETCATALOG_COMPILER_APPICON_NAME = AppIcon;
				ASSETCATALOG_COMPILER_GLOBAL_ACCENT_COLOR_NAME = AccentColor;
				CODE_SIGN_STYLE = Automatic;
				CURRENT_PROJECT_VERSION = 1;
				DEVELOPMENT_ASSET_PATHS = "\"MedManage-SwiftUI\"";
				ENABLE_PREVIEWS = YES;
				GENERATE_INFOPLIST_FILE = YES;
				INFOPLIST_KEY_UIApplicationSceneManifest_Generation = YES;
				INFOPLIST_KEY_UIApplicationSupportsIndirectInputEvents = YES;
				INFOPLIST_KEY_UILaunchScreen_Generation = YES;
				INFOPLIST_KEY_UISupportedInterfaceOrientations_iPad = "UIInterfaceOrientationPortrait UIInterfaceOrientationPortraitUpsideDown UIInterfaceOrientationLandscapeLeft UIInterfaceOrientationLandscapeRight";
				INFOPLIST_KEY_UISupportedInterfaceOrientations_iPhone = "UIInterfaceOrientationPortrait UIInterfaceOrientationLandscapeLeft UIInterfaceOrientationLandscapeRight";
				IPHONEOS_DEPLOYMENT_TARGET = 16.0;
				LD_RUNPATH_SEARCH_PATHS = (
					"$(inherited)",
					"@executable_path/Frameworks",
				);
				MARKETING_VERSION = 1.0;
				PRODUCT_BUNDLE_IDENTIFIER = "com.infosys.MedManage-SwiftUI";
				PRODUCT_NAME = "$(TARGET_NAME)";
				SWIFT_EMIT_LOC_STRINGS = YES;
				SWIFT_VERSION = 5.0;
				TARGETED_DEVICE_FAMILY = "1,2";
			};
			name = Debug;
		};
		05C7527929F69860004D3FE0 /* Release */ = {
			isa = XCBuildConfiguration;
			baseConfigurationReference = F73A72B23A99F708AAE4987A /* Pods-MedManage-SwiftUI.release.xcconfig */;
			buildSettings = {
				ASSETCATALOG_COMPILER_APPICON_NAME = AppIcon;
				ASSETCATALOG_COMPILER_GLOBAL_ACCENT_COLOR_NAME = AccentColor;
				CODE_SIGN_STYLE = Automatic;
				CURRENT_PROJECT_VERSION = 1;
				DEVELOPMENT_ASSET_PATHS = "\"MedManage-SwiftUI\"";
				ENABLE_PREVIEWS = YES;
				GENERATE_INFOPLIST_FILE = YES;
				INFOPLIST_KEY_UIApplicationSceneManifest_Generation = YES;
				INFOPLIST_KEY_UIApplicationSupportsIndirectInputEvents = YES;
				INFOPLIST_KEY_UILaunchScreen_Generation = YES;
				INFOPLIST_KEY_UISupportedInterfaceOrientations_iPad = "UIInterfaceOrientationPortrait UIInterfaceOrientationPortraitUpsideDown UIInterfaceOrientationLandscapeLeft UIInterfaceOrientationLandscapeRight";
				INFOPLIST_KEY_UISupportedInterfaceOrientations_iPhone = "UIInterfaceOrientationPortrait UIInterfaceOrientationLandscapeLeft UIInterfaceOrientationLandscapeRight";
				IPHONEOS_DEPLOYMENT_TARGET = 16.0;
				LD_RUNPATH_SEARCH_PATHS = (
					"$(inherited)",
					"@executable_path/Frameworks",
				);
				MARKETING_VERSION = 1.0;
				PRODUCT_BUNDLE_IDENTIFIER = "com.infosys.MedManage-SwiftUI";
				PRODUCT_NAME = "$(TARGET_NAME)";
				SWIFT_EMIT_LOC_STRINGS = YES;
				SWIFT_VERSION = 5.0;
				TARGETED_DEVICE_FAMILY = "1,2";
			};
			name = Release;
		};
/* End XCBuildConfiguration section */

/* Begin XCConfigurationList section */
		05C7526429F69860004D3FE0 /* Build configuration list for PBXProject "MedManage-SwiftUI" */ = {
			isa = XCConfigurationList;
			buildConfigurations = (
				05C7527529F69860004D3FE0 /* Debug */,
				05C7527629F69860004D3FE0 /* Release */,
			);
			defaultConfigurationIsVisible = 0;
			defaultConfigurationName = Release;
		};
		05C7527729F69860004D3FE0 /* Build configuration list for PBXNativeTarget "MedManage-SwiftUI" */ = {
			isa = XCConfigurationList;
			buildConfigurations = (
				05C7527829F69860004D3FE0 /* Debug */,
				05C7527929F69860004D3FE0 /* Release */,
			);
			defaultConfigurationIsVisible = 0;
			defaultConfigurationName = Release;
		};
/* End XCConfigurationList section */
	};
	rootObject = 05C7526129F69860004D3FE0 /* Project object */;
}
